
Microsoft Visual Studio Solution File, Format Version 12.00
# Visual Studio Version 16
VisualStudioVersion = 16.0.31410.357
MinimumVisualStudioVersion = 10.0.40219.1
Project("{9A19103F-16F7-4668-BE54-9A1E7A4F7556}") = "RPSConsoleVersion", "RPSConsoleVersion\RPSConsoleVersion.csproj", "{61204878-DF94-4445-B824-8E3A4323C319}"
EndProject
Project("{FAE04EC0-301F-11D3-BF4B-00C04F79EFBC}") = "RPSConsoleVersionTest", "RPSConsoleVersionTest\RPSConsoleVersionTest.csproj", "{DA5F57C5-265A-4FA2-8C22-DC1AC76C6866}"
EndProject
Global
	GlobalSection(SolutionConfigurationPlatforms) = preSolution
		Debug|Any CPU = Debug|Any CPU
		Release|Any CPU = Release|Any CPU
	EndGlobalSection
	GlobalSection(ProjectConfigurationPlatforms) = postSolution
		{61204878-DF94-4445-B824-8E3A4323C319}.Debug|Any CPU.ActiveCfg = Debug|Any CPU
		{61204878-DF94-4445-B824-8E3A4323C319}.Debug|Any CPU.Build.0 = Debug|Any CPU
		{61204878-DF94-4445-B824-8E3A4323C319}.Release|Any CPU.ActiveCfg = Release|Any CPU
		{61204878-DF94-4445-B824-8E3A4323C319}.Release|Any CPU.Build.0 = Release|Any CPU
		{DA5F57C5-265A-4FA2-8C22-DC1AC76C6866}.Debug|Any CPU.ActiveCfg = Debug|Any CPU
		{DA5F57C5-265A-4FA2-8C22-DC1AC76C6866}.Debug|Any CPU.Build.0 = Debug|Any CPU
		{DA5F57C5-265A-4FA2-8C22-DC1AC76C6866}.Release|Any CPU.ActiveCfg = Release|Any CPU
		{DA5F57C5-265A-4FA2-8C22-DC1AC76C6866}.Release|Any CPU.Build.0 = Release|Any CPU
	EndGlobalSection
	GlobalSection(SolutionProperties) = preSolution
		HideSolutionNode = FALSE
	EndGlobalSection
	GlobalSection(ExtensibilityGlobals) = postSolution
		SolutionGuid = {EA01F6C1-56A5-43C6-A7B3-093E135920FD}
	EndGlobalSection
EndGlobal
